
Microsoft Visual Studio Solution File, Format Version 12.00
# Visual Studio Version 17
VisualStudioVersion = 17.14.36414.22
MinimumVisualStudioVersion = 10.0.40219.1
Project("{FAE04EC0-301F-11D3-BF4B-00C04F79EFBC}") = "RestaurantList", "RestaurantList\RestaurantList.csproj", "{188C5FFC-4D85-44FB-A84E-852329A226DF}"
EndProject
Project("{FAE04EC0-301F-11D3-BF4B-00C04F79EFBC}") = "RestaurantList.Test", "RestaurantList.Test\RestaurantList.Test.csproj", "{DFBD42D0-6EFE-4463-9A89-3292360A0EB5}"
EndProject
Global
	GlobalSection(SolutionConfigurationPlatforms) = preSolution
		Debug|Any CPU = Debug|Any CPU
		Release|Any CPU = Release|Any CPU
	EndGlobalSection
	GlobalSection(ProjectConfigurationPlatforms) = postSolution
		{188C5FFC-4D85-44FB-A84E-852329A226DF}.Debug|Any CPU.ActiveCfg = Debug|Any CPU
		{188C5FFC-4D85-44FB-A84E-852329A226DF}.Debug|Any CPU.Build.0 = Debug|Any CPU
		{188C5FFC-4D85-44FB-A84E-852329A226DF}.Release|Any CPU.ActiveCfg = Release|Any CPU
		{188C5FFC-4D85-44FB-A84E-852329A226DF}.Release|Any CPU.Build.0 = Release|Any CPU
		{DFBD42D0-6EFE-4463-9A89-3292360A0EB5}.Debug|Any CPU.ActiveCfg = Debug|Any CPU
		{DFBD42D0-6EFE-4463-9A89-3292360A0EB5}.Debug|Any CPU.Build.0 = Debug|Any CPU
		{DFBD42D0-6EFE-4463-9A89-3292360A0EB5}.Release|Any CPU.ActiveCfg = Release|Any CPU
		{DFBD42D0-6EFE-4463-9A89-3292360A0EB5}.Release|Any CPU.Build.0 = Release|Any CPU
	EndGlobalSection
	GlobalSection(SolutionProperties) = preSolution
		HideSolutionNode = FALSE
	EndGlobalSection
	GlobalSection(ExtensibilityGlobals) = postSolution
		SolutionGuid = {0F7954DA-5C74-4301-AC96-ABB87C9105F6}
	EndGlobalSection
EndGlobal
